
Microsoft Visual Studio Solution File, Format Version 12.00
# Visual Studio Version 17
VisualStudioVersion = 17.9.34902.65
MinimumVisualStudioVersion = 10.0.40219.1
Project("{8BC9CEB8-8B4A-11D0-8D11-00A0C91BC942}") = "Laborator 5 SO", "Laborator 5 SO.vcxproj", "{7A425204-8DED-423D-BF9D-EEFFC5E420AE}"
EndProject
Global
	GlobalSection(SolutionConfigurationPlatforms) = preSolution
		Debug|x64 = Debug|x64
		Debug|x86 = Debug|x86
		Release|x64 = Release|x64
		Release|x86 = Release|x86
	EndGlobalSection
	GlobalSection(ProjectConfigurationPlatforms) = postSolution
		{7A425204-8DED-423D-BF9D-EEFFC5E420AE}.Debug|x64.ActiveCfg = Debug|x64
		{7A425204-8DED-423D-BF9D-EEFFC5E420AE}.Debug|x64.Build.0 = Debug|x64
		{7A425204-8DED-423D-BF9D-EEFFC5E420AE}.Debug|x86.ActiveCfg = Debug|Win32
		{7A425204-8DED-423D-BF9D-EEFFC5E420AE}.Debug|x86.Build.0 = Debug|Win32
		{7A425204-8DED-423D-BF9D-EEFFC5E420AE}.Release|x64.ActiveCfg = Release|x64
		{7A425204-8DED-423D-BF9D-EEFFC5E420AE}.Release|x64.Build.0 = Release|x64
		{7A425204-8DED-423D-BF9D-EEFFC5E420AE}.Release|x86.ActiveCfg = Release|Win32
		{7A425204-8DED-423D-BF9D-EEFFC5E420AE}.Release|x86.Build.0 = Release|Win32
	EndGlobalSection
	GlobalSection(SolutionProperties) = preSolution
		HideSolutionNode = FALSE
	EndGlobalSection
	GlobalSection(ExtensibilityGlobals) = postSolution
		SolutionGuid = {471CCEB2-DF32-49F1-938A-5175F9EBB6FB}
	EndGlobalSection
EndGlobal
